
Microsoft Visual Studio Solution File, Format Version 12.00
# Visual Studio Version 16
VisualStudioVersion = 16.0.31624.102
MinimumVisualStudioVersion = 10.0.40219.1
Project("{FAE04EC0-301F-11D3-BF4B-00C04F79EFBC}") = "ConsoleUI", "ConsoleUI\ConsoleUI.csproj", "{DC773F84-A106-48B1-99BD-AC3EB56ACE01}"
EndProject
Project("{FAE04EC0-301F-11D3-BF4B-00C04F79EFBC}") = "Entities", "Entities\Entities.csproj", "{CEB9A855-14DB-4053-8A77-585F41479677}"
EndProject
Project("{FAE04EC0-301F-11D3-BF4B-00C04F79EFBC}") = "Business", "Business\Business.csproj", "{55433768-CEF3-4EB6-A853-1F5015084BAF}"
EndProject
Project("{FAE04EC0-301F-11D3-BF4B-00C04F79EFBC}") = "DataAccess", "DataAccess\DataAccess.csproj", "{EFF48831-690E-4E1F-83EF-27CAE36D82AE}"
EndProject
Project("{FAE04EC0-301F-11D3-BF4B-00C04F79EFBC}") = "WebAPI", "WebAPI\WebAPI.csproj", "{D714FC1F-AFBF-4F9E-AD97-F9AFBA44B6E5}"
EndProject
Project("{9A19103F-16F7-4668-BE54-9A1E7A4F7556}") = "Core", "Core\Core.csproj", "{75B946BF-1C23-4705-89E9-FA4B89E8CE1F}"
EndProject
Global
	GlobalSection(SolutionConfigurationPlatforms) = preSolution
		Debug|Any CPU = Debug|Any CPU
		Release|Any CPU = Release|Any CPU
	EndGlobalSection
	GlobalSection(ProjectConfigurationPlatforms) = postSolution
		{DC773F84-A106-48B1-99BD-AC3EB56ACE01}.Debug|Any CPU.ActiveCfg = Debug|Any CPU
		{DC773F84-A106-48B1-99BD-AC3EB56ACE01}.Debug|Any CPU.Build.0 = Debug|Any CPU
		{DC773F84-A106-48B1-99BD-AC3EB56ACE01}.Release|Any CPU.ActiveCfg = Release|Any CPU
		{DC773F84-A106-48B1-99BD-AC3EB56ACE01}.Release|Any CPU.Build.0 = Release|Any CPU
		{CEB9A855-14DB-4053-8A77-585F41479677}.Debug|Any CPU.ActiveCfg = Debug|Any CPU
		{CEB9A855-14DB-4053-8A77-585F41479677}.Debug|Any CPU.Build.0 = Debug|Any CPU
		{CEB9A855-14DB-4053-8A77-585F41479677}.Release|Any CPU.ActiveCfg = Release|Any CPU
		{CEB9A855-14DB-4053-8A77-585F41479677}.Release|Any CPU.Build.0 = Release|Any CPU
		{55433768-CEF3-4EB6-A853-1F5015084BAF}.Debug|Any CPU.ActiveCfg = Debug|Any CPU
		{55433768-CEF3-4EB6-A853-1F5015084BAF}.Debug|Any CPU.Build.0 = Debug|Any CPU
		{55433768-CEF3-4EB6-A853-1F5015084BAF}.Release|Any CPU.ActiveCfg = Release|Any CPU
		{55433768-CEF3-4EB6-A853-1F5015084BAF}.Release|Any CPU.Build.0 = Release|Any CPU
		{EFF48831-690E-4E1F-83EF-27CAE36D82AE}.Debug|Any CPU.ActiveCfg = Debug|Any CPU
		{EFF48831-690E-4E1F-83EF-27CAE36D82AE}.Debug|Any CPU.Build.0 = Debug|Any CPU
		{EFF48831-690E-4E1F-83EF-27CAE36D82AE}.Release|Any CPU.ActiveCfg = Release|Any CPU
		{EFF48831-690E-4E1F-83EF-27CAE36D82AE}.Release|Any CPU.Build.0 = Release|Any CPU
		{D714FC1F-AFBF-4F9E-AD97-F9AFBA44B6E5}.Debug|Any CPU.ActiveCfg = Debug|Any CPU
		{D714FC1F-AFBF-4F9E-AD97-F9AFBA44B6E5}.Debug|Any CPU.Build.0 = Debug|Any CPU
		{D714FC1F-AFBF-4F9E-AD97-F9AFBA44B6E5}.Release|Any CPU.ActiveCfg = Release|Any CPU
		{D714FC1F-AFBF-4F9E-AD97-F9AFBA44B6E5}.Release|Any CPU.Build.0 = Release|Any CPU
		{75B946BF-1C23-4705-89E9-FA4B89E8CE1F}.Debug|Any CPU.ActiveCfg = Debug|Any CPU
		{75B946BF-1C23-4705-89E9-FA4B89E8CE1F}.Debug|Any CPU.Build.0 = Debug|Any CPU
		{75B946BF-1C23-4705-89E9-FA4B89E8CE1F}.Release|Any CPU.ActiveCfg = Release|Any CPU
		{75B946BF-1C23-4705-89E9-FA4B89E8CE1F}.Release|Any CPU.Build.0 = Release|Any CPU
	EndGlobalSection
	GlobalSection(SolutionProperties) = preSolution
		HideSolutionNode = FALSE
	EndGlobalSection
	GlobalSection(ExtensibilityGlobals) = postSolution
		SolutionGuid = {F4DC6F87-D957-4128-B6FD-12A3B69C456D}
	EndGlobalSection
EndGlobal
